
Microsoft Visual Studio Solution File, Format Version 12.00
# Visual Studio 15
VisualStudioVersion = 15.0.28010.2050
MinimumVisualStudioVersion = 10.0.40219.1
Project("{FAE04EC0-301F-11D3-BF4B-00C04F79EFBC}") = "HackFest", "HackFest\HackFest.csproj", "{8BD32A24-3588-41FC-B1F0-C06B44C74BD4}"
EndProject
Global
	GlobalSection(SolutionConfigurationPlatforms) = preSolution
		Debug|Any CPU = Debug|Any CPU
		Release|Any CPU = Release|Any CPU
	EndGlobalSection
	GlobalSection(ProjectConfigurationPlatforms) = postSolution
		{8BD32A24-3588-41FC-B1F0-C06B44C74BD4}.Debug|Any CPU.ActiveCfg = Debug|Any CPU
		{8BD32A24-3588-41FC-B1F0-C06B44C74BD4}.Debug|Any CPU.Build.0 = Debug|Any CPU
		{8BD32A24-3588-41FC-B1F0-C06B44C74BD4}.Release|Any CPU.ActiveCfg = Release|Any CPU
		{8BD32A24-3588-41FC-B1F0-C06B44C74BD4}.Release|Any CPU.Build.0 = Release|Any CPU
	EndGlobalSection
	GlobalSection(SolutionProperties) = preSolution
		HideSolutionNode = FALSE
	EndGlobalSection
	GlobalSection(ExtensibilityGlobals) = postSolution
		SolutionGuid = {906223B9-2889-41C7-AA31-9B2373E487B1}
	EndGlobalSection
EndGlobal
